
Microsoft Visual Studio Solution File, Format Version 12.00
# Visual Studio Version 17
VisualStudioVersion = 17.6.33801.468
MinimumVisualStudioVersion = 10.0.40219.1
Project("{FAE04EC0-301F-11D3-BF4B-00C04F79EFBC}") = "MeuPrimeiroProjeto", "MeuPrimeiroProjeto\MeuPrimeiroProjeto.csproj", "{753318BD-B088-485F-8D3E-092191E189EC}"
EndProject
Global
	GlobalSection(SolutionConfigurationPlatforms) = preSolution
		Debug|Any CPU = Debug|Any CPU
		Release|Any CPU = Release|Any CPU
	EndGlobalSection
	GlobalSection(ProjectConfigurationPlatforms) = postSolution
		{753318BD-B088-485F-8D3E-092191E189EC}.Debug|Any CPU.ActiveCfg = Debug|Any CPU
		{753318BD-B088-485F-8D3E-092191E189EC}.Debug|Any CPU.Build.0 = Debug|Any CPU
		{753318BD-B088-485F-8D3E-092191E189EC}.Release|Any CPU.ActiveCfg = Release|Any CPU
		{753318BD-B088-485F-8D3E-092191E189EC}.Release|Any CPU.Build.0 = Release|Any CPU
	EndGlobalSection
	GlobalSection(SolutionProperties) = preSolution
		HideSolutionNode = FALSE
	EndGlobalSection
	GlobalSection(ExtensibilityGlobals) = postSolution
		SolutionGuid = {8A293D7A-18B8-4056-907F-6CAC14BCBAFE}
	EndGlobalSection
EndGlobal
